
Microsoft Visual Studio Solution File, Format Version 12.00
Project("{FAE04EC0-301F-11D3-BF4B-00C04F79EFBC}") = "PA_tic_tock", "PA_tic_tock\PA_tic_tock.csproj", "{A9C71204-AEAC-4AC5-B892-39A2FAFE4968}"
EndProject
Global
	GlobalSection(SolutionConfigurationPlatforms) = preSolution
		Debug|Any CPU = Debug|Any CPU
		Release|Any CPU = Release|Any CPU
	EndGlobalSection
	GlobalSection(ProjectConfigurationPlatforms) = postSolution
		{A9C71204-AEAC-4AC5-B892-39A2FAFE4968}.Debug|Any CPU.ActiveCfg = Debug|Any CPU
		{A9C71204-AEAC-4AC5-B892-39A2FAFE4968}.Debug|Any CPU.Build.0 = Debug|Any CPU
		{A9C71204-AEAC-4AC5-B892-39A2FAFE4968}.Release|Any CPU.ActiveCfg = Release|Any CPU
		{A9C71204-AEAC-4AC5-B892-39A2FAFE4968}.Release|Any CPU.Build.0 = Release|Any CPU
	EndGlobalSection
EndGlobal
